<Solution>
  <Folder Name="/API/" />
  <Folder Name="/Core/">
    <Project Path="CleanArchitecture.ApiTemplate.Domain/CleanArchitecture.ApiTemplate.Domain.csproj" />
  </Folder>
  <Folder Name="/Infrastructure/" />
  <Folder Name="/Tests/">
    <Project Path="CleanArchitecture.ApiTemplate.Tests/CleanArchitecture.ApiTemplate.Tests.csproj" />
  </Folder>
</Solution>
